{
  "nodes": {
    "nixpkgs": {
      "locked": {
        "lastModified": 1692635271,
        "narHash": "sha256-MlGcKfWznrzCU3YZ9WKkR9ZpgfPM1/2UPS0Mc4tW2zU=",
        "owner": "NixOS",
        "repo": "nixpkgs",
        "rev": "45cc39e8a19872181c0dd4418d6ca60b5965376a",
        "type": "github"
      },
      "original": {
        "owner": "NixOS",
        "repo": "nixpkgs",
        "type": "github"
      }
    },
    "root": {
      "inputs": {
        "nixpkgs": "nixpkgs"
      }
    }
  },
  "root": "root",
  "version": 7
}
